
Microsoft Visual Studio Solution File, Format Version 12.00
# Visual Studio Version 17
VisualStudioVersion = 17.11.35219.272
MinimumVisualStudioVersion = 10.0.40219.1
Project("{888888A0-9F3D-457C-B088-3A5042F75D52}") = "palgaddd", "palgaddd.pyproj", "{B0008801-FF60-4DCF-970E-F1BCF008E736}"
EndProject
Global
	GlobalSection(SolutionConfigurationPlatforms) = preSolution
		Debug|Any CPU = Debug|Any CPU
		Release|Any CPU = Release|Any CPU
	EndGlobalSection
	GlobalSection(ProjectConfigurationPlatforms) = postSolution
		{B0008801-FF60-4DCF-970E-F1BCF008E736}.Debug|Any CPU.ActiveCfg = Debug|Any CPU
		{B0008801-FF60-4DCF-970E-F1BCF008E736}.Release|Any CPU.ActiveCfg = Release|Any CPU
	EndGlobalSection
	GlobalSection(SolutionProperties) = preSolution
		HideSolutionNode = FALSE
	EndGlobalSection
	GlobalSection(ExtensibilityGlobals) = postSolution
		SolutionGuid = {EEAF1CCF-507E-4DFC-B09E-24183954EDED}
	EndGlobalSection
EndGlobal
